
Microsoft Visual Studio Solution File, Format Version 12.00
# Visual Studio Version 17
VisualStudioVersion = 17.5.002.0
MinimumVisualStudioVersion = 10.0.40219.1
Project("{2150E333-8FDC-42A3-9474-1A3956D46DE8}") = "C#", "C#", "{02F98CCB-EB4F-42CA-9AC8-A7474663827C}"
EndProject
Project("{9A19103F-16F7-4668-BE54-9A1E7A4F7556}") = "Rafael-Projetos", "C#\Rafael-Projetos\Rafael-Projetos.csproj", "{345FEA03-30C7-492F-8E8F-7CF1ACFC28F5}"
EndProject
Global
	GlobalSection(SolutionConfigurationPlatforms) = preSolution
		Debug|Any CPU = Debug|Any CPU
		Release|Any CPU = Release|Any CPU
	EndGlobalSection
	GlobalSection(ProjectConfigurationPlatforms) = postSolution
		{345FEA03-30C7-492F-8E8F-7CF1ACFC28F5}.Debug|Any CPU.ActiveCfg = Debug|Any CPU
		{345FEA03-30C7-492F-8E8F-7CF1ACFC28F5}.Debug|Any CPU.Build.0 = Debug|Any CPU
		{345FEA03-30C7-492F-8E8F-7CF1ACFC28F5}.Release|Any CPU.ActiveCfg = Release|Any CPU
		{345FEA03-30C7-492F-8E8F-7CF1ACFC28F5}.Release|Any CPU.Build.0 = Release|Any CPU
	EndGlobalSection
	GlobalSection(SolutionProperties) = preSolution
		HideSolutionNode = FALSE
	EndGlobalSection
	GlobalSection(NestedProjects) = preSolution
		{345FEA03-30C7-492F-8E8F-7CF1ACFC28F5} = {02F98CCB-EB4F-42CA-9AC8-A7474663827C}
	EndGlobalSection
	GlobalSection(ExtensibilityGlobals) = postSolution
		SolutionGuid = {A145F9E4-D78C-4BFB-9B85-50FDC99B67EA}
	EndGlobalSection
EndGlobal
