
Microsoft Visual Studio Solution File, Format Version 12.00
# Visual Studio Version 17
VisualStudioVersion = 17.5.002.0
MinimumVisualStudioVersion = 10.0.40219.1
Project("{9A19103F-16F7-4668-BE54-9A1E7A4F7556}") = "Rafael-Projetos", "Rafael-Projetos\Rafael-Projetos.csproj", "{171544F0-74EF-4574-B664-599172AF900D}"
EndProject
Project("{FAE04EC0-301F-11D3-BF4B-00C04F79EFBC}") = "Rafael-Projetos.Common", "Rafael-Projetos.Common\Rafael-Projetos.Common.csproj", "{49DE2A58-F5D2-4213-95E5-9BD0F92216F2}"
EndProject
Global
	GlobalSection(SolutionConfigurationPlatforms) = preSolution
		Debug|Any CPU = Debug|Any CPU
		Release|Any CPU = Release|Any CPU
	EndGlobalSection
	GlobalSection(ProjectConfigurationPlatforms) = postSolution
		{171544F0-74EF-4574-B664-599172AF900D}.Debug|Any CPU.ActiveCfg = Debug|Any CPU
		{171544F0-74EF-4574-B664-599172AF900D}.Debug|Any CPU.Build.0 = Debug|Any CPU
		{171544F0-74EF-4574-B664-599172AF900D}.Release|Any CPU.ActiveCfg = Release|Any CPU
		{171544F0-74EF-4574-B664-599172AF900D}.Release|Any CPU.Build.0 = Release|Any CPU
		{49DE2A58-F5D2-4213-95E5-9BD0F92216F2}.Debug|Any CPU.ActiveCfg = Debug|Any CPU
		{49DE2A58-F5D2-4213-95E5-9BD0F92216F2}.Debug|Any CPU.Build.0 = Debug|Any CPU
		{49DE2A58-F5D2-4213-95E5-9BD0F92216F2}.Release|Any CPU.ActiveCfg = Release|Any CPU
		{49DE2A58-F5D2-4213-95E5-9BD0F92216F2}.Release|Any CPU.Build.0 = Release|Any CPU
	EndGlobalSection
	GlobalSection(SolutionProperties) = preSolution
		HideSolutionNode = FALSE
	EndGlobalSection
	GlobalSection(ExtensibilityGlobals) = postSolution
		SolutionGuid = {1C5E4E91-4553-48D9-BAA0-9F78CB88A040}
	EndGlobalSection
EndGlobal
